
Microsoft Visual Studio Solution File, Format Version 12.00
# Visual Studio Version 17
VisualStudioVersion = 17.12.35527.113 d17.12
MinimumVisualStudioVersion = 10.0.40219.1
Project("{FAE04EC0-301F-11D3-BF4B-00C04F79EFBC}") = "FashionSh0p", "FashionSh0p\FashionSh0p.csproj", "{6BD08DDA-5BB6-48D6-B14C-D307FF7314B3}"
EndProject
Global
	GlobalSection(SolutionConfigurationPlatforms) = preSolution
		Debug|Any CPU = Debug|Any CPU
		Release|Any CPU = Release|Any CPU
	EndGlobalSection
	GlobalSection(ProjectConfigurationPlatforms) = postSolution
		{6BD08DDA-5BB6-48D6-B14C-D307FF7314B3}.Debug|Any CPU.ActiveCfg = Debug|Any CPU
		{6BD08DDA-5BB6-48D6-B14C-D307FF7314B3}.Debug|Any CPU.Build.0 = Debug|Any CPU
		{6BD08DDA-5BB6-48D6-B14C-D307FF7314B3}.Release|Any CPU.ActiveCfg = Release|Any CPU
		{6BD08DDA-5BB6-48D6-B14C-D307FF7314B3}.Release|Any CPU.Build.0 = Release|Any CPU
	EndGlobalSection
	GlobalSection(SolutionProperties) = preSolution
		HideSolutionNode = FALSE
	EndGlobalSection
EndGlobal
